
Microsoft Visual Studio Solution File, Format Version 12.00
# Visual Studio 15
VisualStudioVersion = 15.0.26730.12
MinimumVisualStudioVersion = 10.0.40219.1
Project("{FAE04EC0-301F-11D3-BF4B-00C04F79EFBC}") = "Mvc517.Website", "Mvc517.Website\Mvc517.Website.csproj", "{225275FF-37B6-46B2-A3CC-4447927D55DE}"
EndProject
Project("{FAE04EC0-301F-11D3-BF4B-00C04F79EFBC}") = "Mvc517.DAL", "Mvc517.DAL\Mvc517.DAL.csproj", "{91F79A65-9395-4111-AA8C-3B0FFAA7634D}"
EndProject
Project("{FAE04EC0-301F-11D3-BF4B-00C04F79EFBC}") = "Mvc517.Utility", "Mvc517.Utility\Mvc517.Utility.csproj", "{A8CEAB69-F880-4E63-A567-1EAAE8CDAD98}"
EndProject
Global
	GlobalSection(SolutionConfigurationPlatforms) = preSolution
		Debug|Any CPU = Debug|Any CPU
		Release|Any CPU = Release|Any CPU
	EndGlobalSection
	GlobalSection(ProjectConfigurationPlatforms) = postSolution
		{225275FF-37B6-46B2-A3CC-4447927D55DE}.Debug|Any CPU.ActiveCfg = Debug|Any CPU
		{225275FF-37B6-46B2-A3CC-4447927D55DE}.Debug|Any CPU.Build.0 = Debug|Any CPU
		{225275FF-37B6-46B2-A3CC-4447927D55DE}.Release|Any CPU.ActiveCfg = Release|Any CPU
		{225275FF-37B6-46B2-A3CC-4447927D55DE}.Release|Any CPU.Build.0 = Release|Any CPU
		{91F79A65-9395-4111-AA8C-3B0FFAA7634D}.Debug|Any CPU.ActiveCfg = Debug|Any CPU
		{91F79A65-9395-4111-AA8C-3B0FFAA7634D}.Debug|Any CPU.Build.0 = Debug|Any CPU
		{91F79A65-9395-4111-AA8C-3B0FFAA7634D}.Release|Any CPU.ActiveCfg = Release|Any CPU
		{91F79A65-9395-4111-AA8C-3B0FFAA7634D}.Release|Any CPU.Build.0 = Release|Any CPU
		{A8CEAB69-F880-4E63-A567-1EAAE8CDAD98}.Debug|Any CPU.ActiveCfg = Debug|Any CPU
		{A8CEAB69-F880-4E63-A567-1EAAE8CDAD98}.Debug|Any CPU.Build.0 = Debug|Any CPU
		{A8CEAB69-F880-4E63-A567-1EAAE8CDAD98}.Release|Any CPU.ActiveCfg = Release|Any CPU
		{A8CEAB69-F880-4E63-A567-1EAAE8CDAD98}.Release|Any CPU.Build.0 = Release|Any CPU
	EndGlobalSection
	GlobalSection(SolutionProperties) = preSolution
		HideSolutionNode = FALSE
	EndGlobalSection
	GlobalSection(ExtensibilityGlobals) = postSolution
		SolutionGuid = {6839D25D-65EC-4127-87E8-CC73FD0FCCF9}
	EndGlobalSection
EndGlobal
